
Microsoft Visual Studio Solution File, Format Version 12.00
# Visual Studio Version 17
VisualStudioVersion = 17.8.34316.72
MinimumVisualStudioVersion = 10.0.40219.1
Project("{FAE04EC0-301F-11D3-BF4B-00C04F79EFBC}") = "Windown programming 17-1", "Windown programming 17-1.csproj", "{D13B9D45-378B-48D7-9D11-3F60EAE3983D}"
EndProject
Global
	GlobalSection(SolutionConfigurationPlatforms) = preSolution
		Debug|Any CPU = Debug|Any CPU
		Release|Any CPU = Release|Any CPU
	EndGlobalSection
	GlobalSection(ProjectConfigurationPlatforms) = postSolution
		{D13B9D45-378B-48D7-9D11-3F60EAE3983D}.Debug|Any CPU.ActiveCfg = Debug|Any CPU
		{D13B9D45-378B-48D7-9D11-3F60EAE3983D}.Debug|Any CPU.Build.0 = Debug|Any CPU
		{D13B9D45-378B-48D7-9D11-3F60EAE3983D}.Release|Any CPU.ActiveCfg = Release|Any CPU
		{D13B9D45-378B-48D7-9D11-3F60EAE3983D}.Release|Any CPU.Build.0 = Release|Any CPU
	EndGlobalSection
	GlobalSection(SolutionProperties) = preSolution
		HideSolutionNode = FALSE
	EndGlobalSection
	GlobalSection(ExtensibilityGlobals) = postSolution
		SolutionGuid = {E62C533B-DA1F-4B60-9D13-319B765C5499}
	EndGlobalSection
EndGlobal
